
Microsoft Visual Studio Solution File, Format Version 12.00
# Visual Studio Version 17
VisualStudioVersion = 17.2.32630.192
MinimumVisualStudioVersion = 10.0.40219.1
Project("{FAE04EC0-301F-11D3-BF4B-00C04F79EFBC}") = "Grow", "Grow\Grow.csproj", "{0AF97B59-E357-40AE-8A39-90B18EA3A5EB}"
EndProject
Project("{9A19103F-16F7-4668-BE54-9A1E7A4F7556}") = "MessageService.API", "..\..\..\Desktop\Yeni klasör\MessageService\MessageService.API\MessageService.API.csproj", "{BB72BE64-357C-4E69-B141-FBC7531CE96B}"
EndProject
Global
	GlobalSection(SolutionConfigurationPlatforms) = preSolution
		Debug|Any CPU = Debug|Any CPU
		Release|Any CPU = Release|Any CPU
	EndGlobalSection
	GlobalSection(ProjectConfigurationPlatforms) = postSolution
		{0AF97B59-E357-40AE-8A39-90B18EA3A5EB}.Debug|Any CPU.ActiveCfg = Debug|Any CPU
		{0AF97B59-E357-40AE-8A39-90B18EA3A5EB}.Debug|Any CPU.Build.0 = Debug|Any CPU
		{0AF97B59-E357-40AE-8A39-90B18EA3A5EB}.Release|Any CPU.ActiveCfg = Release|Any CPU
		{0AF97B59-E357-40AE-8A39-90B18EA3A5EB}.Release|Any CPU.Build.0 = Release|Any CPU
		{BB72BE64-357C-4E69-B141-FBC7531CE96B}.Debug|Any CPU.ActiveCfg = Debug|Any CPU
		{BB72BE64-357C-4E69-B141-FBC7531CE96B}.Debug|Any CPU.Build.0 = Debug|Any CPU
		{BB72BE64-357C-4E69-B141-FBC7531CE96B}.Release|Any CPU.ActiveCfg = Release|Any CPU
		{BB72BE64-357C-4E69-B141-FBC7531CE96B}.Release|Any CPU.Build.0 = Release|Any CPU
	EndGlobalSection
	GlobalSection(SolutionProperties) = preSolution
		HideSolutionNode = FALSE
	EndGlobalSection
	GlobalSection(ExtensibilityGlobals) = postSolution
		SolutionGuid = {6840E11B-8A97-4F93-BAC5-252D2A338164}
	EndGlobalSection
EndGlobal
